
Microsoft Visual Studio Solution File, Format Version 12.00
# Visual Studio Version 17
VisualStudioVersion = 17.6.33723.286
MinimumVisualStudioVersion = 10.0.40219.1
Project("{FAE04EC0-301F-11D3-BF4B-00C04F79EFBC}") = "Tydzień 2 Zadania cz.1", "Tydzień 2 Zadania cz.1\Tydzień 2 Zadania cz.1.csproj", "{D940EFC7-7DCC-4CC4-9576-CE11022CB410}"
EndProject
Global
	GlobalSection(SolutionConfigurationPlatforms) = preSolution
		Debug|Any CPU = Debug|Any CPU
		Release|Any CPU = Release|Any CPU
	EndGlobalSection
	GlobalSection(ProjectConfigurationPlatforms) = postSolution
		{D940EFC7-7DCC-4CC4-9576-CE11022CB410}.Debug|Any CPU.ActiveCfg = Debug|Any CPU
		{D940EFC7-7DCC-4CC4-9576-CE11022CB410}.Debug|Any CPU.Build.0 = Debug|Any CPU
		{D940EFC7-7DCC-4CC4-9576-CE11022CB410}.Release|Any CPU.ActiveCfg = Release|Any CPU
		{D940EFC7-7DCC-4CC4-9576-CE11022CB410}.Release|Any CPU.Build.0 = Release|Any CPU
	EndGlobalSection
	GlobalSection(SolutionProperties) = preSolution
		HideSolutionNode = FALSE
	EndGlobalSection
	GlobalSection(ExtensibilityGlobals) = postSolution
		SolutionGuid = {BEAB07F3-83A6-48E0-AC5A-77048860C20C}
	EndGlobalSection
EndGlobal
